version = 1
revision = 3
requires-python = ">=3.12"

[[package]]
name = "neuromaps-nhp-prep"
version = "0.1.0"
source = { virtual = "." }
dependencies = [
    { name = "nibabel" },
    { name = "niwrap" },
]

[package.dev-dependencies]
dev = [
    { name = "ruff" },
]

[package.metadata]
requires-dist = [
    { name = "nibabel", specifier = ">=5.3.2" },
    { name = "niwrap", specifier = ">=0.6.3" },
]

[package.metadata.requires-dev]
dev = [{ name = "ruff", specifier = ">=0.12.8" }]

[[package]]
name = "nibabel"
version = "5.3.2"
source = { registry = "https://pypi.org/simple" }
dependencies = [
    { name = "numpy" },
    { name = "packaging" },
    { name = "typing-extensions", marker = "python_full_version < '3.13'" },
]
sdist = { url = "https://files.pythonhosted.org/packages/d9/61/33036cb89f1ec1fedbc4039602345d830b27cbd8a5c7bf28c2e5b5de3ea2/nibabel-5.3.2.tar.gz", hash = "sha256:0bdca6503b1c784b446c745a4542367de7756cfba0d72143b91f9ffb78be569b", size = 4504842, upload-time = "2024-10-23T14:19:55.866Z" }
wheels = [
    { url = "https://files.pythonhosted.org/packages/43/b2/dc384197be44e2a640bb43311850e23c2c30f3b82ce7c8cdabbf0e53045e/nibabel-5.3.2-py3-none-any.whl", hash = "sha256:52970a5a8a53b1b55249cba4d9bcfaa8cc57e3e5af35a29d7352237e8680a6f8", size = 3293839, upload-time = "2024-10-23T14:19:52.65Z" },
]

[[package]]
name = "niwrap"
version = "0.6.3"
source = { registry = "https://pypi.org/simple" }
dependencies = [
    { name = "niwrap-afni" },
    { name = "niwrap-ants" },
    { name = "niwrap-c3d" },
    { name = "niwrap-dcm2niix" },
    { name = "niwrap-fastsurfer" },
    { name = "niwrap-freesurfer" },
    { name = "niwrap-fsl" },
    { name = "niwrap-greedy" },
    { name = "niwrap-mrtrix" },
    { name = "niwrap-mrtrix3tissue" },
    { name = "niwrap-niftyreg" },
    { name = "niwrap-workbench" },
    { name = "styxdocker" },
    { name = "styxgraph" },
    { name = "styxsingularity" },
]
sdist = { url = "https://files.pythonhosted.org/packages/2a/2f/bb81fb21af57ad0128f7a1991bcdaf8980009afe6745b3f1067d573f5f59/niwrap-0.6.3.tar.gz", hash = "sha256:de511533ec1c3d2bc5547966de397947a1a464697742446e5a31a30093b6dedc", size = 5115, upload-time = "2025-07-28T20:11:50.996Z" }
wheels = [
    { url = "https://files.pythonhosted.org/packages/e3/bf/5880b64967589f64bdb4ef2458491fef62f0fadabdbc5ea26daaa61990fc/niwrap-0.6.3-py3-none-any.whl", hash = "sha256:9e85935df0d9cbf07d96d40481af64e837871451ff3b7174aee69d0b5fa1289d", size = 3200, upload-time = "2025-07-28T20:11:36.099Z" },
]

[[package]]
name = "niwrap-afni"
version = "0.6.3"
source = { registry = "https://pypi.org/simple" }
dependencies = [
    { name = "styxdefs" },
]
sdist = { url = "https://files.pythonhosted.org/packages/ae/fe/a85fa067ab4e79ff7e69df7e4f3b13759a932165a27b7bd92fb88c39dc7d/niwrap_afni-0.6.3.tar.gz", hash = "sha256:32eec3de6df7933ee254e2c21050041414094161f8c978e468b1290185cb59fa", size = 601278, upload-time = "2025-07-28T20:11:52.271Z" }
wheels = [
    { url = "https://files.pythonhosted.org/packages/f7/74/66c21469a9c178ca4463c9214d6fe43c807e6ca33706267c0b2d7dbf172d/niwrap_afni-0.6.3-py3-none-any.whl", hash = "sha256:7f4adb737a7e44f46e7705cae7ce57241ba34b0eded3db26a1bcff34bb873b50", size = 1214209, upload-time = "2025-07-28T20:11:37.295Z" },
]

[[package]]
name = "niwrap-ants"
version = "0.6.3"
source = { registry = "https://pypi.org/simple" }
dependencies = [
    { name = "styxdefs" },
]
sdist = { url = "https://files.pythonhosted.org/packages/d4/31/74af6579d387e6fe8b227296967e6dc36bc3624aba3be16fa5e978cac030/niwrap_ants-0.6.3.tar.gz", hash = "sha256:25f1f464b4951f4802426d0c534138db41db0bfcc017c01dc6207ecd88f59da5", size = 95712, upload-time = "2025-07-28T20:11:53.56Z" }
wheels = [
    { url = "https://files.pythonhosted.org/packages/6d/8c/72faf71d61e79e54911221f95baf627eb20aee18f19aeb50fd84b651fc84/niwrap_ants-0.6.3-py3-none-any.whl", hash = "sha256:bf54ab7f882f7fda94b9b0159400f85c87d5cf2a462ba50677cc4152a5d42d2f", size = 173637, upload-time = "2025-07-28T20:11:38.635Z" },
]

[[package]]
name = "niwrap-c3d"
version = "0.6.3"
source = { registry = "https://pypi.org/simple" }
dependencies = [
    { name = "styxdefs" },
]
sdist = { url = "https://files.pythonhosted.org/packages/c8/9b/b141c5d95f1a17f05d009b67d084850f518d5730f24270ad4c3231298249/niwrap_c3d-0.6.3.tar.gz", hash = "sha256:bb29eb38084b2d10ab35f86953bbd57a6f0ce91f733471fe161cbbeda03be835", size = 150048, upload-time = "2025-07-28T20:11:54.318Z" }
wheels = [
    { url = "https://files.pythonhosted.org/packages/fb/f3/34f99cde6bd68ba812ea325173a7f9092cf85aff04db30e74f7a65052bce/niwrap_c3d-0.6.3-py3-none-any.whl", hash = "sha256:986a1ac0ff39ef6a3d00a2f63eb419e8286d7b0f6a69251244097ae62009f2c2", size = 150940, upload-time = "2025-07-28T20:11:39.73Z" },
]

[[package]]
name = "niwrap-dcm2niix"
version = "0.6.3"
source = { registry = "https://pypi.org/simple" }
dependencies = [
    { name = "styxdefs" },
]
sdist = { url = "https://files.pythonhosted.org/packages/90/27/d2291d6f27df56c8e7dfe5bf51a2a9ceb4a0502fa942e2702d4d816b0d46/niwrap_dcm2niix-0.6.3.tar.gz", hash = "sha256:e307e3a244636524c8a3294723c98c4bbf53e5fe0a13656e8469fee96407bfd2", size = 6687, upload-time = "2025-07-28T20:11:55.31Z" }
wheels = [
    { url = "https://files.pythonhosted.org/packages/24/28/c7ff3b0791da69e6399a9d52b4a748ec76c9e67e0da602896a7dae0e8282/niwrap_dcm2niix-0.6.3-py3-none-any.whl", hash = "sha256:6503a3b00be2960d5b684bf4c0d915d81e4b3ee9bce9674033cec24f47004141", size = 5192, upload-time = "2025-07-28T20:11:40.909Z" },
]

[[package]]
name = "niwrap-fastsurfer"
version = "0.6.3"
source = { registry = "https://pypi.org/simple" }
dependencies = [
    { name = "styxdefs" },
]
sdist = { url = "https://files.pythonhosted.org/packages/ac/32/0e76b6f55c1251673f46cac1db048dc82a64c95bf30f55da25fce50c0c88/niwrap_fastsurfer-0.6.3.tar.gz", hash = "sha256:6ae0fe48390bbb07e9bd284428cf615e4b28e5929a0eb71e6530258b1f64903d", size = 7052, upload-time = "2025-07-28T20:11:56.168Z" }
wheels = [
    { url = "https://files.pythonhosted.org/packages/67/05/faffcc0e9dbd5c71ef1aa8e93128fab8974b471a8a0b0408eef4a6e2bf2e/niwrap_fastsurfer-0.6.3-py3-none-any.whl", hash = "sha256:ee687bbe2d5e2bc5e6f22d727ede86d5b1e0196a6e35adfd315364edfad943a4", size = 5470, upload-time = "2025-07-28T20:11:41.652Z" },
]

[[package]]
name = "niwrap-freesurfer"
version = "0.6.3"
source = { registry = "https://pypi.org/simple" }
dependencies = [
    { name = "styxdefs" },
]
sdist = { url = "https://files.pythonhosted.org/packages/c2/77/401cda4ef76177ed9f72ba107d0d64385e7756692099bbff6b46076e47a2/niwrap_freesurfer-0.6.3.tar.gz", hash = "sha256:fbabae0c4d925ed270664c37875007a0e3a1d0d75221832832b8b0820117e0c4", size = 634043, upload-time = "2025-07-28T20:11:57.758Z" }
wheels = [
    { url = "https://files.pythonhosted.org/packages/7b/6b/da723a7138fe2f8ae34005f11c44381d2902fc654c6929eb21b8a61a4ceb/niwrap_freesurfer-0.6.3-py3-none-any.whl", hash = "sha256:ab1578032acf957358ff584001318d4fd73336efec03f03701215ecd54ab4124", size = 1385624, upload-time = "2025-07-28T20:11:43.107Z" },
]

[[package]]
name = "niwrap-fsl"
version = "0.6.3"
source = { registry = "https://pypi.org/simple" }
dependencies = [
    { name = "styxdefs" },
]
sdist = { url = "https://files.pythonhosted.org/packages/ad/0c/5a6bebc6d5ca30dc98956e7349293843a1b2c3fe722200114bd896bae2bf/niwrap_fsl-0.6.3.tar.gz", hash = "sha256:a121f745419ff96c56fb31305418de53d0ef64ea06ec853b0b67535be4c11500", size = 246703, upload-time = "2025-07-28T20:11:59.048Z" }
wheels = [
    { url = "https://files.pythonhosted.org/packages/6d/8e/99c3e5e159772d55b2e133d22aaea9075bd3e85e4598f7a6fb068c6ff936/niwrap_fsl-0.6.3-py3-none-any.whl", hash = "sha256:1752df686c0ca43b8e11668e628c4d7a170a4b5dafae18ba4341c6a479b85f44", size = 533815, upload-time = "2025-07-28T20:11:44.317Z" },
]

[[package]]
name = "niwrap-greedy"
version = "0.6.3"
source = { registry = "https://pypi.org/simple" }
dependencies = [
    { name = "styxdefs" },
]
sdist = { url = "https://files.pythonhosted.org/packages/5c/a7/5180cee9c9ddfe75d9b483ba0b4c5e751f20335fcf4a72645d1ab8f78d7e/niwrap_greedy-0.6.3.tar.gz", hash = "sha256:a889678a758d855dc7de5bcaac7db10ca184533d17e3b225061609e12c87eb1a", size = 12114, upload-time = "2025-07-28T20:11:59.855Z" }
wheels = [
    { url = "https://files.pythonhosted.org/packages/14/fe/24c0c23d60b39d59e52295941c0c729d2a14b33b56b980232e7be7369c35/niwrap_greedy-0.6.3-py3-none-any.whl", hash = "sha256:e3d9ece1aa72d28e7124c37f5bd8b352dc759a9d499846ec3d96e15e3996a3ed", size = 10426, upload-time = "2025-07-28T20:11:45.674Z" },
]

[[package]]
name = "niwrap-mrtrix"
version = "0.6.3"
source = { registry = "https://pypi.org/simple" }
dependencies = [
    { name = "styxdefs" },
]
sdist = { url = "https://files.pythonhosted.org/packages/14/f0/491394538777ba1ba82cb26df3cf054e77c0eafbc2815cacc8befb581b10/niwrap_mrtrix-0.6.3.tar.gz", hash = "sha256:8bd53e9082479df85446d7fd6ccc1271211d8b65d8a3004a7ba0b61e0523a9b3", size = 200410, upload-time = "2025-07-28T20:12:00.595Z" }
wheels = [
    { url = "https://files.pythonhosted.org/packages/bf/73/451e37b0d1386af69fffd39f4bd1a4cf283ba2c35c33f3af6365fdbfb86f/niwrap_mrtrix-0.6.3-py3-none-any.whl", hash = "sha256:f5f914ac0bb7fd6d5b0b83861ee8f5cf9b8cdffc94d83e7e9309a630f6f0fc69", size = 396497, upload-time = "2025-07-28T20:11:46.658Z" },
]

[[package]]
name = "niwrap-mrtrix3tissue"
version = "0.6.3"
source = { registry = "https://pypi.org/simple" }
dependencies = [
    { name = "styxdefs" },
]
sdist = { url = "https://files.pythonhosted.org/packages/2d/1b/cc73766c3bf377ba6006b5bfb99a47d31c488e7722c83bae51f4e5f9f85b/niwrap_mrtrix3tissue-0.6.3.tar.gz", hash = "sha256:b80baafc8d74b8f46ff865f6d68f42f583f4db649cc02fbdf5964eb230277b4b", size = 5814, upload-time = "2025-07-28T20:12:01.348Z" }
wheels = [
    { url = "https://files.pythonhosted.org/packages/28/39/652b405de6c38584e9517ee041938bb9e4f77bbe569b415a7da1400aed46/niwrap_mrtrix3tissue-0.6.3-py3-none-any.whl", hash = "sha256:54b1d2d6fcb68cb4e2db83877adbd0085c04c9ee158fcf5ebc9740dbb37913fa", size = 4405, upload-time = "2025-07-28T20:11:47.654Z" },
]

[[package]]
name = "niwrap-niftyreg"
version = "0.6.3"
source = { registry = "https://pypi.org/simple" }
dependencies = [
    { name = "styxdefs" },
]
sdist = { url = "https://files.pythonhosted.org/packages/95/6a/7271bcc2669aeb7208ad1ca92f7af32f7b35a78f7801ddf7e1c35196d7ec/niwrap_niftyreg-0.6.3.tar.gz", hash = "sha256:5bc3f905e93f717af0d62dd8d7bc92fd3bd3a46ebd0d8d3c5a2e88f80a4ebcee", size = 13545, upload-time = "2025-07-28T20:12:01.938Z" }
wheels = [
    { url = "https://files.pythonhosted.org/packages/47/07/0b82b45c2b3ce1f93cd87da7c5263c761153a816eb2cd2e2936874899f76/niwrap_niftyreg-0.6.3-py3-none-any.whl", hash = "sha256:c42e4c82c7b38359e092c8060d8fcce7f7d3117195143cfe0806d709bad2ed20", size = 19134, upload-time = "2025-07-28T20:11:48.439Z" },
]

[[package]]
name = "niwrap-workbench"
version = "0.6.3"
source = { registry = "https://pypi.org/simple" }
dependencies = [
    { name = "styxdefs" },
]
sdist = { url = "https://files.pythonhosted.org/packages/08/34/d313a75d0bd6cb49e57e944ade7debffbeb6babef59e767f3cac078ba4e6/niwrap_workbench-0.6.3.tar.gz", hash = "sha256:40e0abcf430aa703ea7db5a8b0fe32b0e2a2f1191d7ace2bf4952ba6e79459f6", size = 224849, upload-time = "2025-07-28T20:12:02.819Z" }
wheels = [
    { url = "https://files.pythonhosted.org/packages/db/ff/f93bc76283a29bb292a582bb02045752946250db6cd9d34a9ba1b5172dbc/niwrap_workbench-0.6.3-py3-none-any.whl", hash = "sha256:1db0bc93de54a50c7acb700c05ddcf7a025bd8702d619873f282ea785fc8fbbf", size = 467839, upload-time = "2025-07-28T20:11:49.821Z" },
]

[[package]]
name = "numpy"
version = "2.3.2"
source = { registry = "https://pypi.org/simple" }
sdist = { url = "https://files.pythonhosted.org/packages/37/7d/3fec4199c5ffb892bed55cff901e4f39a58c81df9c44c280499e92cad264/numpy-2.3.2.tar.gz", hash = "sha256:e0486a11ec30cdecb53f184d496d1c6a20786c81e55e41640270130056f8ee48", size = 20489306, upload-time = "2025-07-24T21:32:07.553Z" }
wheels = [
    { url = "https://files.pythonhosted.org/packages/00/6d/745dd1c1c5c284d17725e5c802ca4d45cfc6803519d777f087b71c9f4069/numpy-2.3.2-cp312-cp312-macosx_10_13_x86_64.whl", hash = "sha256:bc3186bea41fae9d8e90c2b4fb5f0a1f5a690682da79b92574d63f56b529080b", size = 20956420, upload-time = "2025-07-24T20:28:18.002Z" },
    { url = "https://files.pythonhosted.org/packages/bc/96/e7b533ea5740641dd62b07a790af5d9d8fec36000b8e2d0472bd7574105f/numpy-2.3.2-cp312-cp312-macosx_11_0_arm64.whl", hash = "sha256:2f4f0215edb189048a3c03bd5b19345bdfa7b45a7a6f72ae5945d2a28272727f", size = 14184660, upload-time = "2025-07-24T20:28:39.522Z" },
    { url = "https://files.pythonhosted.org/packages/2b/53/102c6122db45a62aa20d1b18c9986f67e6b97e0d6fbc1ae13e3e4c84430c/numpy-2.3.2-cp312-cp312-macosx_14_0_arm64.whl", hash = "sha256:8b1224a734cd509f70816455c3cffe13a4f599b1bf7130f913ba0e2c0b2006c0", size = 5113382, upload-time = "2025-07-24T20:28:48.544Z" },
    { url = "https://files.pythonhosted.org/packages/2b/21/376257efcbf63e624250717e82b4fae93d60178f09eb03ed766dbb48ec9c/numpy-2.3.2-cp312-cp312-macosx_14_0_x86_64.whl", hash = "sha256:3dcf02866b977a38ba3ec10215220609ab9667378a9e2150615673f3ffd6c73b", size = 6647258, upload-time = "2025-07-24T20:28:59.104Z" },
    { url = "https://files.pythonhosted.org/packages/91/ba/f4ebf257f08affa464fe6036e13f2bf9d4642a40228781dc1235da81be9f/numpy-2.3.2-cp312-cp312-manylinux_2_27_aarch64.manylinux_2_28_aarch64.whl", hash = "sha256:572d5512df5470f50ada8d1972c5f1082d9a0b7aa5944db8084077570cf98370", size = 14281409, upload-time = "2025-07-24T20:40:30.298Z" },
    { url = "https://files.pythonhosted.org/packages/59/ef/f96536f1df42c668cbacb727a8c6da7afc9c05ece6d558927fb1722693e1/numpy-2.3.2-cp312-cp312-manylinux_2_27_x86_64.manylinux_2_28_x86_64.whl", hash = "sha256:8145dd6d10df13c559d1e4314df29695613575183fa2e2d11fac4c208c8a1f73", size = 16641317, upload-time = "2025-07-24T20:40:56.625Z" },
    { url = "https://files.pythonhosted.org/packages/f6/a7/af813a7b4f9a42f498dde8a4c6fcbff8100eed00182cc91dbaf095645f38/numpy-2.3.2-cp312-cp312-musllinux_1_2_aarch64.whl", hash = "sha256:103ea7063fa624af04a791c39f97070bf93b96d7af7eb23530cd087dc8dbe9dc", size = 16056262, upload-time = "2025-07-24T20:41:20.797Z" },
    { url = "https://files.pythonhosted.org/packages/8b/5d/41c4ef8404caaa7f05ed1cfb06afe16a25895260eacbd29b4d84dff2920b/numpy-2.3.2-cp312-cp312-musllinux_1_2_x86_64.whl", hash = "sha256:fc927d7f289d14f5e037be917539620603294454130b6de200091e23d27dc9be", size = 18579342, upload-time = "2025-07-24T20:41:50.753Z" },
    { url = "https://files.pythonhosted.org/packages/a1/4f/9950e44c5a11636f4a3af6e825ec23003475cc9a466edb7a759ed3ea63bd/numpy-2.3.2-cp312-cp312-win32.whl", hash = "sha256:d95f59afe7f808c103be692175008bab926b59309ade3e6d25009e9a171f7036", size = 6320610, upload-time = "2025-07-24T20:42:01.551Z" },
    { url = "https://files.pythonhosted.org/packages/7c/2f/244643a5ce54a94f0a9a2ab578189c061e4a87c002e037b0829dd77293b6/numpy-2.3.2-cp312-cp312-win_amd64.whl", hash = "sha256:9e196ade2400c0c737d93465327d1ae7c06c7cb8a1756121ebf54b06ca183c7f", size = 12786292, upload-time = "2025-07-24T20:42:20.738Z" },
    { url = "https://files.pythonhosted.org/packages/54/cd/7b5f49d5d78db7badab22d8323c1b6ae458fbf86c4fdfa194ab3cd4eb39b/numpy-2.3.2-cp312-cp312-win_arm64.whl", hash = "sha256:ee807923782faaf60d0d7331f5e86da7d5e3079e28b291973c545476c2b00d07", size = 10194071, upload-time = "2025-07-24T20:42:36.657Z" },
    { url = "https://files.pythonhosted.org/packages/1c/c0/c6bb172c916b00700ed3bf71cb56175fd1f7dbecebf8353545d0b5519f6c/numpy-2.3.2-cp313-cp313-macosx_10_13_x86_64.whl", hash = "sha256:c8d9727f5316a256425892b043736d63e89ed15bbfe6556c5ff4d9d4448ff3b3", size = 20949074, upload-time = "2025-07-24T20:43:07.813Z" },
    { url = "https://files.pythonhosted.org/packages/20/4e/c116466d22acaf4573e58421c956c6076dc526e24a6be0903219775d862e/numpy-2.3.2-cp313-cp313-macosx_11_0_arm64.whl", hash = "sha256:efc81393f25f14d11c9d161e46e6ee348637c0a1e8a54bf9dedc472a3fae993b", size = 14177311, upload-time = "2025-07-24T20:43:29.335Z" },
    { url = "https://files.pythonhosted.org/packages/78/45/d4698c182895af189c463fc91d70805d455a227261d950e4e0f1310c2550/numpy-2.3.2-cp313-cp313-macosx_14_0_arm64.whl", hash = "sha256:dd937f088a2df683cbb79dda9a772b62a3e5a8a7e76690612c2737f38c6ef1b6", size = 5106022, upload-time = "2025-07-24T20:43:37.999Z" },
    { url = "https://files.pythonhosted.org/packages/9f/76/3e6880fef4420179309dba72a8c11f6166c431cf6dee54c577af8906f914/numpy-2.3.2-cp313-cp313-macosx_14_0_x86_64.whl", hash = "sha256:11e58218c0c46c80509186e460d79fbdc9ca1eb8d8aee39d8f2dc768eb781089", size = 6640135, upload-time = "2025-07-24T20:43:49.28Z" },
    { url = "https://files.pythonhosted.org/packages/34/fa/87ff7f25b3c4ce9085a62554460b7db686fef1e0207e8977795c7b7d7ba1/numpy-2.3.2-cp313-cp313-manylinux_2_27_aarch64.manylinux_2_28_aarch64.whl", hash = "sha256:5ad4ebcb683a1f99f4f392cc522ee20a18b2bb12a2c1c42c3d48d5a1adc9d3d2", size = 14278147, upload-time = "2025-07-24T20:44:10.328Z" },
    { url = "https://files.pythonhosted.org/packages/1d/0f/571b2c7a3833ae419fe69ff7b479a78d313581785203cc70a8db90121b9a/numpy-2.3.2-cp313-cp313-manylinux_2_27_x86_64.manylinux_2_28_x86_64.whl", hash = "sha256:938065908d1d869c7d75d8ec45f735a034771c6ea07088867f713d1cd3bbbe4f", size = 16635989, upload-time = "2025-07-24T20:44:34.88Z" },
    { url = "https://files.pythonhosted.org/packages/24/5a/84ae8dca9c9a4c592fe11340b36a86ffa9fd3e40513198daf8a97839345c/numpy-2.3.2-cp313-cp313-musllinux_1_2_aarch64.whl", hash = "sha256:66459dccc65d8ec98cc7df61307b64bf9e08101f9598755d42d8ae65d9a7a6ee", size = 16053052, upload-time = "2025-07-24T20:44:58.872Z" },
    { url = "https://files.pythonhosted.org/packages/57/7c/e5725d99a9133b9813fcf148d3f858df98511686e853169dbaf63aec6097/numpy-2.3.2-cp313-cp313-musllinux_1_2_x86_64.whl", hash = "sha256:a7af9ed2aa9ec5950daf05bb11abc4076a108bd3c7db9aa7251d5f107079b6a6", size = 18577955, upload-time = "2025-07-24T20:45:26.714Z" },
    { url = "https://files.pythonhosted.org/packages/ae/11/7c546fcf42145f29b71e4d6f429e96d8d68e5a7ba1830b2e68d7418f0bbd/numpy-2.3.2-cp313-cp313-win32.whl", hash = "sha256:906a30249315f9c8e17b085cc5f87d3f369b35fedd0051d4a84686967bdbbd0b", size = 6311843, upload-time = "2025-07-24T20:49:24.444Z" },
    { url = "https://files.pythonhosted.org/packages/aa/6f/a428fd1cb7ed39b4280d057720fed5121b0d7754fd2a9768640160f5517b/numpy-2.3.2-cp313-cp313-win_amd64.whl", hash = "sha256:c63d95dc9d67b676e9108fe0d2182987ccb0f11933c1e8959f42fa0da8d4fa56", size = 12782876, upload-time = "2025-07-24T20:49:43.227Z" },
    { url = "https://files.pythonhosted.org/packages/65/85/4ea455c9040a12595fb6c43f2c217257c7b52dd0ba332c6a6c1d28b289fe/numpy-2.3.2-cp313-cp313-win_arm64.whl", hash = "sha256:b05a89f2fb84d21235f93de47129dd4f11c16f64c87c33f5e284e6a3a54e43f2", size = 10192786, upload-time = "2025-07-24T20:49:59.443Z" },
    { url = "https://files.pythonhosted.org/packages/80/23/8278f40282d10c3f258ec3ff1b103d4994bcad78b0cba9208317f6bb73da/numpy-2.3.2-cp313-cp313t-macosx_10_13_x86_64.whl", hash = "sha256:4e6ecfeddfa83b02318f4d84acf15fbdbf9ded18e46989a15a8b6995dfbf85ab", size = 21047395, upload-time = "2025-07-24T20:45:58.821Z" },
    { url = "https://files.pythonhosted.org/packages/1f/2d/624f2ce4a5df52628b4ccd16a4f9437b37c35f4f8a50d00e962aae6efd7a/numpy-2.3.2-cp313-cp313t-macosx_11_0_arm64.whl", hash = "sha256:508b0eada3eded10a3b55725b40806a4b855961040180028f52580c4729916a2", size = 14300374, upload-time = "2025-07-24T20:46:20.207Z" },
    { url = "https://files.pythonhosted.org/packages/f6/62/ff1e512cdbb829b80a6bd08318a58698867bca0ca2499d101b4af063ee97/numpy-2.3.2-cp313-cp313t-macosx_14_0_arm64.whl", hash = "sha256:754d6755d9a7588bdc6ac47dc4ee97867271b17cee39cb87aef079574366db0a", size = 5228864, upload-time = "2025-07-24T20:46:30.58Z" },
    { url = "https://files.pythonhosted.org/packages/7d/8e/74bc18078fff03192d4032cfa99d5a5ca937807136d6f5790ce07ca53515/numpy-2.3.2-cp313-cp313t-macosx_14_0_x86_64.whl", hash = "sha256:a9f66e7d2b2d7712410d3bc5684149040ef5f19856f20277cd17ea83e5006286", size = 6737533, upload-time = "2025-07-24T20:46:46.111Z" },
    { url = "https://files.pythonhosted.org/packages/19/ea/0731efe2c9073ccca5698ef6a8c3667c4cf4eea53fcdcd0b50140aba03bc/numpy-2.3.2-cp313-cp313t-manylinux_2_27_aarch64.manylinux_2_28_aarch64.whl", hash = "sha256:de6ea4e5a65d5a90c7d286ddff2b87f3f4ad61faa3db8dabe936b34c2275b6f8", size = 14352007, upload-time = "2025-07-24T20:47:07.1Z" },
    { url = "https://files.pythonhosted.org/packages/cf/90/36be0865f16dfed20f4bc7f75235b963d5939707d4b591f086777412ff7b/numpy-2.3.2-cp313-cp313t-manylinux_2_27_x86_64.manylinux_2_28_x86_64.whl", hash = "sha256:a3ef07ec8cbc8fc9e369c8dcd52019510c12da4de81367d8b20bc692aa07573a", size = 16701914, upload-time = "2025-07-24T20:47:32.459Z" },
    { url = "https://files.pythonhosted.org/packages/94/30/06cd055e24cb6c38e5989a9e747042b4e723535758e6153f11afea88c01b/numpy-2.3.2-cp313-cp313t-musllinux_1_2_aarch64.whl", hash = "sha256:27c9f90e7481275c7800dc9c24b7cc40ace3fdb970ae4d21eaff983a32f70c91", size = 16132708, upload-time = "2025-07-24T20:47:58.129Z" },
    { url = "https://files.pythonhosted.org/packages/9a/14/ecede608ea73e58267fd7cb78f42341b3b37ba576e778a1a06baffbe585c/numpy-2.3.2-cp313-cp313t-musllinux_1_2_x86_64.whl", hash = "sha256:07b62978075b67eee4065b166d000d457c82a1efe726cce608b9db9dd66a73a5", size = 18651678, upload-time = "2025-07-24T20:48:25.402Z" },
    { url = "https://files.pythonhosted.org/packages/40/f3/2fe6066b8d07c3685509bc24d56386534c008b462a488b7f503ba82b8923/numpy-2.3.2-cp313-cp313t-win32.whl", hash = "sha256:c771cfac34a4f2c0de8e8c97312d07d64fd8f8ed45bc9f5726a7e947270152b5", size = 6441832, upload-time = "2025-07-24T20:48:37.181Z" },
    { url = "https://files.pythonhosted.org/packages/0b/ba/0937d66d05204d8f28630c9c60bc3eda68824abde4cf756c4d6aad03b0c6/numpy-2.3.2-cp313-cp313t-win_amd64.whl", hash = "sha256:72dbebb2dcc8305c431b2836bcc66af967df91be793d63a24e3d9b741374c450", size = 12927049, upload-time = "2025-07-24T20:48:56.24Z" },
    { url = "https://files.pythonhosted.org/packages/e9/ed/13542dd59c104d5e654dfa2ac282c199ba64846a74c2c4bcdbc3a0f75df1/numpy-2.3.2-cp313-cp313t-win_arm64.whl", hash = "sha256:72c6df2267e926a6d5286b0a6d556ebe49eae261062059317837fda12ddf0c1a", size = 10262935, upload-time = "2025-07-24T20:49:13.136Z" },
    { url = "https://files.pythonhosted.org/packages/c9/7c/7659048aaf498f7611b783e000c7268fcc4dcf0ce21cd10aad7b2e8f9591/numpy-2.3.2-cp314-cp314-macosx_10_13_x86_64.whl", hash = "sha256:448a66d052d0cf14ce9865d159bfc403282c9bc7bb2a31b03cc18b651eca8b1a", size = 20950906, upload-time = "2025-07-24T20:50:30.346Z" },
    { url = "https://files.pythonhosted.org/packages/80/db/984bea9d4ddf7112a04cfdfb22b1050af5757864cfffe8e09e44b7f11a10/numpy-2.3.2-cp314-cp314-macosx_11_0_arm64.whl", hash = "sha256:546aaf78e81b4081b2eba1d105c3b34064783027a06b3ab20b6eba21fb64132b", size = 14185607, upload-time = "2025-07-24T20:50:51.923Z" },
    { url = "https://files.pythonhosted.org/packages/e4/76/b3d6f414f4eca568f469ac112a3b510938d892bc5a6c190cb883af080b77/numpy-2.3.2-cp314-cp314-macosx_14_0_arm64.whl", hash = "sha256:87c930d52f45df092f7578889711a0768094debf73cfcde105e2d66954358125", size = 5114110, upload-time = "2025-07-24T20:51:01.041Z" },
    { url = "https://files.pythonhosted.org/packages/9e/d2/6f5e6826abd6bca52392ed88fe44a4b52aacb60567ac3bc86c67834c3a56/numpy-2.3.2-cp314-cp314-macosx_14_0_x86_64.whl", hash = "sha256:8dc082ea901a62edb8f59713c6a7e28a85daddcb67454c839de57656478f5b19", size = 6642050, upload-time = "2025-07-24T20:51:11.64Z" },
    { url = "https://files.pythonhosted.org/packages/c4/43/f12b2ade99199e39c73ad182f103f9d9791f48d885c600c8e05927865baf/numpy-2.3.2-cp314-cp314-manylinux_2_27_aarch64.manylinux_2_28_aarch64.whl", hash = "sha256:af58de8745f7fa9ca1c0c7c943616c6fe28e75d0c81f5c295810e3c83b5be92f", size = 14296292, upload-time = "2025-07-24T20:51:33.488Z" },
    { url = "https://files.pythonhosted.org/packages/5d/f9/77c07d94bf110a916b17210fac38680ed8734c236bfed9982fd8524a7b47/numpy-2.3.2-cp314-cp314-manylinux_2_27_x86_64.manylinux_2_28_x86_64.whl", hash = "sha256:fed5527c4cf10f16c6d0b6bee1f89958bccb0ad2522c8cadc2efd318bcd545f5", size = 16638913, upload-time = "2025-07-24T20:51:58.517Z" },
    { url = "https://files.pythonhosted.org/packages/9b/d1/9d9f2c8ea399cc05cfff8a7437453bd4e7d894373a93cdc46361bbb49a7d/numpy-2.3.2-cp314-cp314-musllinux_1_2_aarch64.whl", hash = "sha256:095737ed986e00393ec18ec0b21b47c22889ae4b0cd2d5e88342e08b01141f58", size = 16071180, upload-time = "2025-07-24T20:52:22.827Z" },
    { url = "https://files.pythonhosted.org/packages/4c/41/82e2c68aff2a0c9bf315e47d61951099fed65d8cb2c8d9dc388cb87e947e/numpy-2.3.2-cp314-cp314-musllinux_1_2_x86_64.whl", hash = "sha256:b5e40e80299607f597e1a8a247ff8d71d79c5b52baa11cc1cce30aa92d2da6e0", size = 18576809, upload-time = "2025-07-24T20:52:51.015Z" },
    { url = "https://files.pythonhosted.org/packages/14/14/4b4fd3efb0837ed252d0f583c5c35a75121038a8c4e065f2c259be06d2d8/numpy-2.3.2-cp314-cp314-win32.whl", hash = "sha256:7d6e390423cc1f76e1b8108c9b6889d20a7a1f59d9a60cac4a050fa734d6c1e2", size = 6366410, upload-time = "2025-07-24T20:56:44.949Z" },
    { url = "https://files.pythonhosted.org/packages/11/9e/b4c24a6b8467b61aced5c8dc7dcfce23621baa2e17f661edb2444a418040/numpy-2.3.2-cp314-cp314-win_amd64.whl", hash = "sha256:b9d0878b21e3918d76d2209c924ebb272340da1fb51abc00f986c258cd5e957b", size = 12918821, upload-time = "2025-07-24T20:57:06.479Z" },
    { url = "https://files.pythonhosted.org/packages/0e/0f/0dc44007c70b1007c1cef86b06986a3812dd7106d8f946c09cfa75782556/numpy-2.3.2-cp314-cp314-win_arm64.whl", hash = "sha256:2738534837c6a1d0c39340a190177d7d66fdf432894f469728da901f8f6dc910", size = 10477303, upload-time = "2025-07-24T20:57:22.879Z" },
    { url = "https://files.pythonhosted.org/packages/8b/3e/075752b79140b78ddfc9c0a1634d234cfdbc6f9bbbfa6b7504e445ad7d19/numpy-2.3.2-cp314-cp314t-macosx_10_13_x86_64.whl", hash = "sha256:4d002ecf7c9b53240be3bb69d80f86ddbd34078bae04d87be81c1f58466f264e", size = 21047524, upload-time = "2025-07-24T20:53:22.086Z" },
    { url = "https://files.pythonhosted.org/packages/fe/6d/60e8247564a72426570d0e0ea1151b95ce5bd2f1597bb878a18d32aec855/numpy-2.3.2-cp314-cp314t-macosx_11_0_arm64.whl", hash = "sha256:293b2192c6bcce487dbc6326de5853787f870aeb6c43f8f9c6496db5b1781e45", size = 14300519, upload-time = "2025-07-24T20:53:44.053Z" },
    { url = "https://files.pythonhosted.org/packages/4d/73/d8326c442cd428d47a067070c3ac6cc3b651a6e53613a1668342a12d4479/numpy-2.3.2-cp314-cp314t-macosx_14_0_arm64.whl", hash = "sha256:0a4f2021a6da53a0d580d6ef5db29947025ae8b35b3250141805ea9a32bbe86b", size = 5228972, upload-time = "2025-07-24T20:53:53.81Z" },
    { url = "https://files.pythonhosted.org/packages/34/2e/e71b2d6dad075271e7079db776196829019b90ce3ece5c69639e4f6fdc44/numpy-2.3.2-cp314-cp314t-macosx_14_0_x86_64.whl", hash = "sha256:9c144440db4bf3bb6372d2c3e49834cc0ff7bb4c24975ab33e01199e645416f2", size = 6737439, upload-time = "2025-07-24T20:54:04.742Z" },
    { url = "https://files.pythonhosted.org/packages/15/b0/d004bcd56c2c5e0500ffc65385eb6d569ffd3363cb5e593ae742749b2daa/numpy-2.3.2-cp314-cp314t-manylinux_2_27_aarch64.manylinux_2_28_aarch64.whl", hash = "sha256:f92d6c2a8535dc4fe4419562294ff957f83a16ebdec66df0805e473ffaad8bd0", size = 14352479, upload-time = "2025-07-24T20:54:25.819Z" },
    { url = "https://files.pythonhosted.org/packages/11/e3/285142fcff8721e0c99b51686426165059874c150ea9ab898e12a492e291/numpy-2.3.2-cp314-cp314t-manylinux_2_27_x86_64.manylinux_2_28_x86_64.whl", hash = "sha256:cefc2219baa48e468e3db7e706305fcd0c095534a192a08f31e98d83a7d45fb0", size = 16702805, upload-time = "2025-07-24T20:54:50.814Z" },
    { url = "https://files.pythonhosted.org/packages/33/c3/33b56b0e47e604af2c7cd065edca892d180f5899599b76830652875249a3/numpy-2.3.2-cp314-cp314t-musllinux_1_2_aarch64.whl", hash = "sha256:76c3e9501ceb50b2ff3824c3589d5d1ab4ac857b0ee3f8f49629d0de55ecf7c2", size = 16133830, upload-time = "2025-07-24T20:55:17.306Z" },
    { url = "https://files.pythonhosted.org/packages/6e/ae/7b1476a1f4d6a48bc669b8deb09939c56dd2a439db1ab03017844374fb67/numpy-2.3.2-cp314-cp314t-musllinux_1_2_x86_64.whl", hash = "sha256:122bf5ed9a0221b3419672493878ba4967121514b1d7d4656a7580cd11dddcbf", size = 18652665, upload-time = "2025-07-24T20:55:46.665Z" },
    { url = "https://files.pythonhosted.org/packages/14/ba/5b5c9978c4bb161034148ade2de9db44ec316fab89ce8c400db0e0c81f86/numpy-2.3.2-cp314-cp314t-win32.whl", hash = "sha256:6f1ae3dcb840edccc45af496f312528c15b1f79ac318169d094e85e4bb35fdf1", size = 6514777, upload-time = "2025-07-24T20:55:57.66Z" },
    { url = "https://files.pythonhosted.org/packages/eb/46/3dbaf0ae7c17cdc46b9f662c56da2054887b8d9e737c1476f335c83d33db/numpy-2.3.2-cp314-cp314t-win_amd64.whl", hash = "sha256:087ffc25890d89a43536f75c5fe8770922008758e8eeeef61733957041ed2f9b", size = 13111856, upload-time = "2025-07-24T20:56:17.318Z" },
    { url = "https://files.pythonhosted.org/packages/c1/9e/1652778bce745a67b5fe05adde60ed362d38eb17d919a540e813d30f6874/numpy-2.3.2-cp314-cp314t-win_arm64.whl", hash = "sha256:092aeb3449833ea9c0bf0089d70c29ae480685dd2377ec9cdbbb620257f84631", size = 10544226, upload-time = "2025-07-24T20:56:34.509Z" },
]

[[package]]
name = "packaging"
version = "25.0"
source = { registry = "https://pypi.org/simple" }
sdist = { url = "https://files.pythonhosted.org/packages/a1/d4/1fc4078c65507b51b96ca8f8c3ba19e6a61c8253c72794544580a7b6c24d/packaging-25.0.tar.gz", hash = "sha256:d443872c98d677bf60f6a1f2f8c1cb748e8fe762d2bf9d3148b5599295b0fc4f", size = 165727, upload-time = "2025-04-19T11:48:59.673Z" }
wheels = [
    { url = "https://files.pythonhosted.org/packages/20/12/38679034af332785aac8774540895e234f4d07f7545804097de4b666afd8/packaging-25.0-py3-none-any.whl", hash = "sha256:29572ef2b1f17581046b3a2227d5c611fb25ec70ca1ba8554b24b0e69331a484", size = 66469, upload-time = "2025-04-19T11:48:57.875Z" },
]

[[package]]
name = "ruff"
version = "0.12.8"
source = { registry = "https://pypi.org/simple" }
sdist = { url = "https://files.pythonhosted.org/packages/4b/da/5bd7565be729e86e1442dad2c9a364ceeff82227c2dece7c29697a9795eb/ruff-0.12.8.tar.gz", hash = "sha256:4cb3a45525176e1009b2b64126acf5f9444ea59066262791febf55e40493a033", size = 5242373, upload-time = "2025-08-07T19:05:47.268Z" }
wheels = [
    { url = "https://files.pythonhosted.org/packages/c9/1e/c843bfa8ad1114fab3eb2b78235dda76acd66384c663a4e0415ecc13aa1e/ruff-0.12.8-py3-none-linux_armv6l.whl", hash = "sha256:63cb5a5e933fc913e5823a0dfdc3c99add73f52d139d6cd5cc8639d0e0465513", size = 11675315, upload-time = "2025-08-07T19:05:06.15Z" },
    { url = "https://files.pythonhosted.org/packages/24/ee/af6e5c2a8ca3a81676d5480a1025494fd104b8896266502bb4de2a0e8388/ruff-0.12.8-py3-none-macosx_10_12_x86_64.whl", hash = "sha256:9a9bbe28f9f551accf84a24c366c1aa8774d6748438b47174f8e8565ab9dedbc", size = 12456653, upload-time = "2025-08-07T19:05:09.759Z" },
    { url = "https://files.pythonhosted.org/packages/99/9d/e91f84dfe3866fa648c10512904991ecc326fd0b66578b324ee6ecb8f725/ruff-0.12.8-py3-none-macosx_11_0_arm64.whl", hash = "sha256:2fae54e752a3150f7ee0e09bce2e133caf10ce9d971510a9b925392dc98d2fec", size = 11659690, upload-time = "2025-08-07T19:05:12.551Z" },
    { url = "https://files.pythonhosted.org/packages/fe/ac/a363d25ec53040408ebdd4efcee929d48547665858ede0505d1d8041b2e5/ruff-0.12.8-py3-none-manylinux_2_17_aarch64.manylinux2014_aarch64.whl", hash = "sha256:c0acbcf01206df963d9331b5838fb31f3b44fa979ee7fa368b9b9057d89f4a53", size = 11896923, upload-time = "2025-08-07T19:05:14.821Z" },
    { url = "https://files.pythonhosted.org/packages/58/9f/ea356cd87c395f6ade9bb81365bd909ff60860975ca1bc39f0e59de3da37/ruff-0.12.8-py3-none-manylinux_2_17_armv7l.manylinux2014_armv7l.whl", hash = "sha256:ae3e7504666ad4c62f9ac8eedb52a93f9ebdeb34742b8b71cd3cccd24912719f", size = 11477612, upload-time = "2025-08-07T19:05:16.712Z" },
    { url = "https://files.pythonhosted.org/packages/1a/46/92e8fa3c9dcfd49175225c09053916cb97bb7204f9f899c2f2baca69e450/ruff-0.12.8-py3-none-manylinux_2_17_i686.manylinux2014_i686.whl", hash = "sha256:cb82efb5d35d07497813a1c5647867390a7d83304562607f3579602fa3d7d46f", size = 13182745, upload-time = "2025-08-07T19:05:18.709Z" },
    { url = "https://files.pythonhosted.org/packages/5e/c4/f2176a310f26e6160deaf661ef60db6c3bb62b7a35e57ae28f27a09a7d63/ruff-0.12.8-py3-none-manylinux_2_17_ppc64.manylinux2014_ppc64.whl", hash = "sha256:dbea798fc0065ad0b84a2947b0aff4233f0cb30f226f00a2c5850ca4393de609", size = 14206885, upload-time = "2025-08-07T19:05:21.025Z" },
    { url = "https://files.pythonhosted.org/packages/87/9d/98e162f3eeeb6689acbedbae5050b4b3220754554526c50c292b611d3a63/ruff-0.12.8-py3-none-manylinux_2_17_ppc64le.manylinux2014_ppc64le.whl", hash = "sha256:49ebcaccc2bdad86fd51b7864e3d808aad404aab8df33d469b6e65584656263a", size = 13639381, upload-time = "2025-08-07T19:05:23.423Z" },
    { url = "https://files.pythonhosted.org/packages/81/4e/1b7478b072fcde5161b48f64774d6edd59d6d198e4ba8918d9f4702b8043/ruff-0.12.8-py3-none-manylinux_2_17_s390x.manylinux2014_s390x.whl", hash = "sha256:0ac9c570634b98c71c88cb17badd90f13fc076a472ba6ef1d113d8ed3df109fb", size = 12613271, upload-time = "2025-08-07T19:05:25.507Z" },
    { url = "https://files.pythonhosted.org/packages/e8/67/0c3c9179a3ad19791ef1b8f7138aa27d4578c78700551c60d9260b2c660d/ruff-0.12.8-py3-none-manylinux_2_17_x86_64.manylinux2014_x86_64.whl", hash = "sha256:560e0cd641e45591a3e42cb50ef61ce07162b9c233786663fdce2d8557d99818", size = 12847783, upload-time = "2025-08-07T19:05:28.14Z" },
    { url = "https://files.pythonhosted.org/packages/4e/2a/0b6ac3dd045acf8aa229b12c9c17bb35508191b71a14904baf99573a21bd/ruff-0.12.8-py3-none-musllinux_1_2_aarch64.whl", hash = "sha256:71c83121512e7743fba5a8848c261dcc454cafb3ef2934a43f1b7a4eb5a447ea", size = 11702672, upload-time = "2025-08-07T19:05:30.413Z" },
    { url = "https://files.pythonhosted.org/packages/9d/ee/f9fdc9f341b0430110de8b39a6ee5fa68c5706dc7c0aa940817947d6937e/ruff-0.12.8-py3-none-musllinux_1_2_armv7l.whl", hash = "sha256:de4429ef2ba091ecddedd300f4c3f24bca875d3d8b23340728c3cb0da81072c3", size = 11440626, upload-time = "2025-08-07T19:05:32.492Z" },
    { url = "https://files.pythonhosted.org/packages/89/fb/b3aa2d482d05f44e4d197d1de5e3863feb13067b22c571b9561085c999dc/ruff-0.12.8-py3-none-musllinux_1_2_i686.whl", hash = "sha256:a2cab5f60d5b65b50fba39a8950c8746df1627d54ba1197f970763917184b161", size = 12462162, upload-time = "2025-08-07T19:05:34.449Z" },
    { url = "https://files.pythonhosted.org/packages/18/9f/5c5d93e1d00d854d5013c96e1a92c33b703a0332707a7cdbd0a4880a84fb/ruff-0.12.8-py3-none-musllinux_1_2_x86_64.whl", hash = "sha256:45c32487e14f60b88aad6be9fd5da5093dbefb0e3e1224131cb1d441d7cb7d46", size = 12913212, upload-time = "2025-08-07T19:05:36.541Z" },
    { url = "https://files.pythonhosted.org/packages/71/13/ab9120add1c0e4604c71bfc2e4ef7d63bebece0cfe617013da289539cef8/ruff-0.12.8-py3-none-win32.whl", hash = "sha256:daf3475060a617fd5bc80638aeaf2f5937f10af3ec44464e280a9d2218e720d3", size = 11694382, upload-time = "2025-08-07T19:05:38.468Z" },
    { url = "https://files.pythonhosted.org/packages/f6/dc/a2873b7c5001c62f46266685863bee2888caf469d1edac84bf3242074be2/ruff-0.12.8-py3-none-win_amd64.whl", hash = "sha256:7209531f1a1fcfbe8e46bcd7ab30e2f43604d8ba1c49029bb420b103d0b5f76e", size = 12740482, upload-time = "2025-08-07T19:05:40.391Z" },
    { url = "https://files.pythonhosted.org/packages/cb/5c/799a1efb8b5abab56e8a9f2a0b72d12bd64bb55815e9476c7d0a2887d2f7/ruff-0.12.8-py3-none-win_arm64.whl", hash = "sha256:c90e1a334683ce41b0e7a04f41790c429bf5073b62c1ae701c9dc5b3d14f0749", size = 11884718, upload-time = "2025-08-07T19:05:42.866Z" },
]

[[package]]
name = "styxdefs"
version = "0.5.0"
source = { registry = "https://pypi.org/simple" }
sdist = { url = "https://files.pythonhosted.org/packages/6a/e4/e2abd2d1030074e0b8889c3d17ec4026a879be56ad19d15a310d0bd695e7/styxdefs-0.5.0.tar.gz", hash = "sha256:27d3d480f572703059967afa44a97e0726c0f058cd42fc01dbd2d199495ec2e1", size = 5067, upload-time = "2025-02-18T19:41:01.711Z" }
wheels = [
    { url = "https://files.pythonhosted.org/packages/6f/2c/5e0608fc3522b0aa54314251acefbc2cf3a7c528ca22151c2c2d5ae13114/styxdefs-0.5.0-py3-none-any.whl", hash = "sha256:58bc68d5e226e0f6a7fffc194f1f8e4bfb8f4f46757cc568fface92d131395bd", size = 6804, upload-time = "2025-02-18T19:41:00.795Z" },
]

[[package]]
name = "styxdocker"
version = "0.5.0"
source = { registry = "https://pypi.org/simple" }
dependencies = [
    { name = "styxdefs" },
]
sdist = { url = "https://files.pythonhosted.org/packages/77/12/a65c4c522bd5a4fcbf601169dbccd9c99e0dd065a139417e2ed99406f64f/styxdocker-0.5.0.tar.gz", hash = "sha256:9c5aa5af7a76bc88a725c4c34fc0876065d908f6c53feed08a7aaedc5403eb77", size = 5595, upload-time = "2025-02-18T21:18:44.741Z" }
wheels = [
    { url = "https://files.pythonhosted.org/packages/cb/3d/d826fdaccdd1e0b3d44a8bf306f5999a222a4b2b0d0abeeffb706f9b01cb/styxdocker-0.5.0-py3-none-any.whl", hash = "sha256:e13c37b66231d6a8a2c553a487ad92148052bc6c5f32e235badaa6d525f60c37", size = 5965, upload-time = "2025-02-18T21:18:42.956Z" },
]

[[package]]
name = "styxgraph"
version = "0.5.1"
source = { registry = "https://pypi.org/simple" }
dependencies = [
    { name = "styxdefs" },
]
sdist = { url = "https://files.pythonhosted.org/packages/0d/d5/a22efd5ede64ebe016a944179d966580e710edab9ee7272b25b596ac68a1/styxgraph-0.5.1.tar.gz", hash = "sha256:312283f8774541bb6e97fdd089ed5a8247570c104576d44819224b19587ff60d", size = 39672, upload-time = "2025-03-07T21:48:46.49Z" }
wheels = [
    { url = "https://files.pythonhosted.org/packages/42/51/7ca28d9cdfdae1332824868ac1bada4bf23809e2dfe8d867d97f99bec3f5/styxgraph-0.5.1-py3-none-any.whl", hash = "sha256:f71c3155f2a745a011bf6ca7e7313bf6a1ff5aca9f85dcc24c92ebde383e3324", size = 4204, upload-time = "2025-03-07T21:48:45.488Z" },
]

[[package]]
name = "styxsingularity"
version = "0.5.0"
source = { registry = "https://pypi.org/simple" }
dependencies = [
    { name = "styxdefs" },
]
sdist = { url = "https://files.pythonhosted.org/packages/eb/32/7cc3d41661be783754e658e3f54f19844f5d05905261e50a6911931ecb7c/styxsingularity-0.5.0.tar.gz", hash = "sha256:0cd02e891ab7eeddfc17b3915ce712495d688815530def37c43d6f91fb691956", size = 5630, upload-time = "2025-02-18T21:19:19.16Z" }
wheels = [
    { url = "https://files.pythonhosted.org/packages/05/78/e644aa255e081242aab7d21bedcacf547189d35bba476a45f9a2df69cb9d/styxsingularity-0.5.0-py3-none-any.whl", hash = "sha256:673cc1a2316f16c7eb405a17d33b0024722326b49a52a4f03a5e874e0d79ae26", size = 5973, upload-time = "2025-02-18T21:19:18.148Z" },
]

[[package]]
name = "typing-extensions"
version = "4.14.1"
source = { registry = "https://pypi.org/simple" }
sdist = { url = "https://files.pythonhosted.org/packages/98/5a/da40306b885cc8c09109dc2e1abd358d5684b1425678151cdaed4731c822/typing_extensions-4.14.1.tar.gz", hash = "sha256:38b39f4aeeab64884ce9f74c94263ef78f3c22467c8724005483154c26648d36", size = 107673, upload-time = "2025-07-04T13:28:34.16Z" }
wheels = [
    { url = "https://files.pythonhosted.org/packages/b5/00/d631e67a838026495268c2f6884f3711a15a9a2a96cd244fdaea53b823fb/typing_extensions-4.14.1-py3-none-any.whl", hash = "sha256:d1e1e3b58374dc93031d6eda2420a48ea44a36c2b4766a4fdeb3710755731d76", size = 43906, upload-time = "2025-07-04T13:28:32.743Z" },
]
